
Microsoft Visual Studio Solution File, Format Version 12.00
# Visual Studio Version 17
VisualStudioVersion = 17.14.36203.30 d17.14
MinimumVisualStudioVersion = 10.0.40219.1
Project("{FAE04EC0-301F-11D3-BF4B-00C04F79EFBC}") = "Pozdrowienia", "Pozdrowienia\Pozdrowienia.csproj", "{36891926-C093-4C86-8985-D3A61C6BAC7F}"
EndProject
Global
	GlobalSection(SolutionConfigurationPlatforms) = preSolution
		Debug|Any CPU = Debug|Any CPU
		Release|Any CPU = Release|Any CPU
	EndGlobalSection
	GlobalSection(ProjectConfigurationPlatforms) = postSolution
		{36891926-C093-4C86-8985-D3A61C6BAC7F}.Debug|Any CPU.ActiveCfg = Debug|Any CPU
		{36891926-C093-4C86-8985-D3A61C6BAC7F}.Debug|Any CPU.Build.0 = Debug|Any CPU
		{36891926-C093-4C86-8985-D3A61C6BAC7F}.Release|Any CPU.ActiveCfg = Release|Any CPU
		{36891926-C093-4C86-8985-D3A61C6BAC7F}.Release|Any CPU.Build.0 = Release|Any CPU
	EndGlobalSection
	GlobalSection(SolutionProperties) = preSolution
		HideSolutionNode = FALSE
	EndGlobalSection
	GlobalSection(ExtensibilityGlobals) = postSolution
		SolutionGuid = {414039A3-E78E-4ED7-AA08-82704D68444C}
	EndGlobalSection
EndGlobal
